// !$*UTF8*$!
{
	archiveVersion = 1;
	classes = {
	};
	objectVersion = 50;
	objects = {

/* Begin PBXBuildFile section */
		C70ECA7920F30794009448A4 /* NetworkCardMonitor.h in Headers */ = {isa = PBXBuildFile; fileRef = C70ECA7720F30793009448A4 /* NetworkCardMonitor.h */; settings = {ATTRIBUTES = (Public, ); }; };
		C70ECA7C20F30794009448A4 /* NetworkCardMonitor.framework in Frameworks */ = {isa = PBXBuildFile; fileRef = C70ECA7520F30793009448A4 /* NetworkCardMonitor.framework */; };
		C70ECA7D20F30794009448A4 /* NetworkCardMonitor.framework in Embed Frameworks */ = {isa = PBXBuildFile; fileRef = C70ECA7520F30793009448A4 /* NetworkCardMonitor.framework */; settings = {ATTRIBUTES = (CodeSignOnCopy, RemoveHeadersOnCopy, ); }; };
		C70ECA8220F3080F009448A4 /* WXNetworkMonitor.m in Sources */ = {isa = PBXBuildFile; fileRef = C710E00120F0C025005D1DAD /* WXNetworkMonitor.m */; };
		C710DFEB20F0BF3A005D1DAD /* AppDelegate.m in Sources */ = {isa = PBXBuildFile; fileRef = C710DFEA20F0BF3A005D1DAD /* AppDelegate.m */; };
		C710DFEE20F0BF3A005D1DAD /* ViewController.m in Sources */ = {isa = PBXBuildFile; fileRef = C710DFED20F0BF3A005D1DAD /* ViewController.m */; };
		C710DFF120F0BF3A005D1DAD /* Main.storyboard in Resources */ = {isa = PBXBuildFile; fileRef = C710DFEF20F0BF3A005D1DAD /* Main.storyboard */; };
		C710DFF320F0BF3B005D1DAD /* Assets.xcassets in Resources */ = {isa = PBXBuildFile; fileRef = C710DFF220F0BF3B005D1DAD /* Assets.xcassets */; };
		C710DFF620F0BF3B005D1DAD /* LaunchScreen.storyboard in Resources */ = {isa = PBXBuildFile; fileRef = C710DFF420F0BF3B005D1DAD /* LaunchScreen.storyboard */; };
		C710DFF920F0BF3B005D1DAD /* main.m in Sources */ = {isa = PBXBuildFile; fileRef = C710DFF820F0BF3B005D1DAD /* main.m */; };
		C710E00220F0C025005D1DAD /* WXNetworkMonitor.m in Sources */ = {isa = PBXBuildFile; fileRef = C710E00120F0C025005D1DAD /* WXNetworkMonitor.m */; };
		C71FBB272109746B000000F7 /* WXFPSMonitor.m in Sources */ = {isa = PBXBuildFile; fileRef = C71FBB262109746B000000F7 /* WXFPSMonitor.m */; };
		C7D78FB620F30827004C69C3 /* WXNetworkMonitor.h in Headers */ = {isa = PBXBuildFile; fileRef = C710E00020F0C025005D1DAD /* WXNetworkMonitor.h */; settings = {ATTRIBUTES = (Public, ); }; };
/* End PBXBuildFile section */

/* Begin PBXContainerItemProxy section */
		C70ECA7A20F30794009448A4 /* PBXContainerItemProxy */ = {
			isa = PBXContainerItemProxy;
			containerPortal = C710DFDE20F0BF3A005D1DAD /* Project object */;
			proxyType = 1;
			remoteGlobalIDString = C70ECA7420F30793009448A4;
			remoteInfo = NetworkCardMonitor;
		};
/* End PBXContainerItemProxy section */

/* Begin PBXCopyFilesBuildPhase section */
		C70ECA8120F30794009448A4 /* Embed Frameworks */ = {
			isa = PBXCopyFilesBuildPhase;
			buildActionMask = 2147483647;
			dstPath = "";
			dstSubfolderSpec = 10;
			files = (
				C70ECA7D20F30794009448A4 /* NetworkCardMonitor.framework in Embed Frameworks */,
			);
			name = "Embed Frameworks";
			runOnlyForDeploymentPostprocessing = 0;
		};
/* End PBXCopyFilesBuildPhase section */

/* Begin PBXFileReference section */
		C70ECA7520F30793009448A4 /* NetworkCardMonitor.framework */ = {isa = PBXFileReference; explicitFileType = wrapper.framework; includeInIndex = 0; path = NetworkCardMonitor.framework; sourceTree = BUILT_PRODUCTS_DIR; };
		C70ECA7720F30793009448A4 /* NetworkCardMonitor.h */ = {isa = PBXFileReference; lastKnownFileType = sourcecode.c.h; path = NetworkCardMonitor.h; sourceTree = "<group>"; };
		C70ECA7820F30794009448A4 /* Info.plist */ = {isa = PBXFileReference; lastKnownFileType = text.plist.xml; path = Info.plist; sourceTree = "<group>"; };
		C710DFE620F0BF3A005D1DAD /* NetworkMonitor.app */ = {isa = PBXFileReference; explicitFileType = wrapper.application; includeInIndex = 0; path = NetworkMonitor.app; sourceTree = BUILT_PRODUCTS_DIR; };
		C710DFE920F0BF3A005D1DAD /* AppDelegate.h */ = {isa = PBXFileReference; lastKnownFileType = sourcecode.c.h; path = AppDelegate.h; sourceTree = "<group>"; };
		C710DFEA20F0BF3A005D1DAD /* AppDelegate.m */ = {isa = PBXFileReference; lastKnownFileType = sourcecode.c.objc; path = AppDelegate.m; sourceTree = "<group>"; };
		C710DFEC20F0BF3A005D1DAD /* ViewController.h */ = {isa = PBXFileReference; lastKnownFileType = sourcecode.c.h; path = ViewController.h; sourceTree = "<group>"; };
		C710DFED20F0BF3A005D1DAD /* ViewController.m */ = {isa = PBXFileReference; lastKnownFileType = sourcecode.c.objc; path = ViewController.m; sourceTree = "<group>"; };
		C710DFF020F0BF3A005D1DAD /* Base */ = {isa = PBXFileReference; lastKnownFileType = file.storyboard; name = Base; path = Base.lproj/Main.storyboard; sourceTree = "<group>"; };
		C710DFF220F0BF3B005D1DAD /* Assets.xcassets */ = {isa = PBXFileReference; lastKnownFileType = folder.assetcatalog; path = Assets.xcassets; sourceTree = "<group>"; };
		C710DFF520F0BF3B005D1DAD /* Base */ = {isa = PBXFileReference; lastKnownFileType = file.storyboard; name = Base; path = Base.lproj/LaunchScreen.storyboard; sourceTree = "<group>"; };
		C710DFF720F0BF3B005D1DAD /* Info.plist */ = {isa = PBXFileReference; lastKnownFileType = text.plist.xml; path = Info.plist; sourceTree = "<group>"; };
		C710DFF820F0BF3B005D1DAD /* main.m */ = {isa = PBXFileReference; lastKnownFileType = sourcecode.c.objc; path = main.m; sourceTree = "<group>"; };
		C710E00020F0C025005D1DAD /* WXNetworkMonitor.h */ = {isa = PBXFileReference; lastKnownFileType = sourcecode.c.h; path = WXNetworkMonitor.h; sourceTree = "<group>"; };
		C710E00120F0C025005D1DAD /* WXNetworkMonitor.m */ = {isa = PBXFileReference; lastKnownFileType = sourcecode.c.objc; path = WXNetworkMonitor.m; sourceTree = "<group>"; };
		C71FBB252109746B000000F7 /* WXFPSMonitor.h */ = {isa = PBXFileReference; lastKnownFileType = sourcecode.c.h; path = WXFPSMonitor.h; sourceTree = "<group>"; };
		C71FBB262109746B000000F7 /* WXFPSMonitor.m */ = {isa = PBXFileReference; lastKnownFileType = sourcecode.c.objc; path = WXFPSMonitor.m; sourceTree = "<group>"; };
/* End PBXFileReference section */

/* Begin PBXFrameworksBuildPhase section */
		C70ECA7120F30793009448A4 /* Frameworks */ = {
			isa = PBXFrameworksBuildPhase;
			buildActionMask = 2147483647;
			files = (
			);
			runOnlyForDeploymentPostprocessing = 0;
		};
		C710DFE320F0BF3A005D1DAD /* Frameworks */ = {
			isa = PBXFrameworksBuildPhase;
			buildActionMask = 2147483647;
			files = (
				C70ECA7C20F30794009448A4 /* NetworkCardMonitor.framework in Frameworks */,
			);
			runOnlyForDeploymentPostprocessing = 0;
		};
/* End PBXFrameworksBuildPhase section */

/* Begin PBXGroup section */
		C70ECA7620F30793009448A4 /* NetworkCardMonitor */ = {
			isa = PBXGroup;
			children = (
				C70ECA7720F30793009448A4 /* NetworkCardMonitor.h */,
				C70ECA7820F30794009448A4 /* Info.plist */,
			);
			path = NetworkCardMonitor;
			sourceTree = "<group>";
		};
		C710DFDD20F0BF3A005D1DAD = {
			isa = PBXGroup;
			children = (
				C710DFE820F0BF3A005D1DAD /* NetworkMonitor */,
				C70ECA7620F30793009448A4 /* NetworkCardMonitor */,
				C710DFE720F0BF3A005D1DAD /* Products */,
			);
			sourceTree = "<group>";
		};
		C710DFE720F0BF3A005D1DAD /* Products */ = {
			isa = PBXGroup;
			children = (
				C710DFE620F0BF3A005D1DAD /* NetworkMonitor.app */,
				C70ECA7520F30793009448A4 /* NetworkCardMonitor.framework */,
			);
			name = Products;
			sourceTree = "<group>";
		};
		C710DFE820F0BF3A005D1DAD /* NetworkMonitor */ = {
			isa = PBXGroup;
			children = (
				C710DFFF20F0BFA7005D1DAD /* Monitor */,
				C710DFE920F0BF3A005D1DAD /* AppDelegate.h */,
				C710DFEA20F0BF3A005D1DAD /* AppDelegate.m */,
				C710DFEC20F0BF3A005D1DAD /* ViewController.h */,
				C710DFED20F0BF3A005D1DAD /* ViewController.m */,
				C710DFEF20F0BF3A005D1DAD /* Main.storyboard */,
				C710DFF220F0BF3B005D1DAD /* Assets.xcassets */,
				C710DFF420F0BF3B005D1DAD /* LaunchScreen.storyboard */,
				C710DFF720F0BF3B005D1DAD /* Info.plist */,
				C710DFF820F0BF3B005D1DAD /* main.m */,
			);
			path = NetworkMonitor;
			sourceTree = "<group>";
		};
		C710DFFF20F0BFA7005D1DAD /* Monitor */ = {
			isa = PBXGroup;
			children = (
				C710E00020F0C025005D1DAD /* WXNetworkMonitor.h */,
				C710E00120F0C025005D1DAD /* WXNetworkMonitor.m */,
				C71FBB252109746B000000F7 /* WXFPSMonitor.h */,
				C71FBB262109746B000000F7 /* WXFPSMonitor.m */,
			);
			path = Monitor;
			sourceTree = "<group>";
		};
/* End PBXGroup section */

/* Begin PBXHeadersBuildPhase section */
		C70ECA7220F30793009448A4 /* Headers */ = {
			isa = PBXHeadersBuildPhase;
			buildActionMask = 2147483647;
			files = (
				C70ECA7920F30794009448A4 /* NetworkCardMonitor.h in Headers */,
				C7D78FB620F30827004C69C3 /* WXNetworkMonitor.h in Headers */,
			);
			runOnlyForDeploymentPostprocessing = 0;
		};
/* End PBXHeadersBuildPhase section */

/* Begin PBXNativeTarget section */
		C70ECA7420F30793009448A4 /* NetworkCardMonitor */ = {
			isa = PBXNativeTarget;
			buildConfigurationList = C70ECA8020F30794009448A4 /* Build configuration list for PBXNativeTarget "NetworkCardMonitor" */;
			buildPhases = (
				C70ECA7020F30793009448A4 /* Sources */,
				C70ECA7120F30793009448A4 /* Frameworks */,
				C70ECA7220F30793009448A4 /* Headers */,
				C70ECA7320F30793009448A4 /* Resources */,
			);
			buildRules = (
			);
			dependencies = (
			);
			name = NetworkCardMonitor;
			productName = NetworkCardMonitor;
			productReference = C70ECA7520F30793009448A4 /* NetworkCardMonitor.framework */;
			productType = "com.apple.product-type.framework";
		};
		C710DFE520F0BF3A005D1DAD /* NetworkMonitor */ = {
			isa = PBXNativeTarget;
			buildConfigurationList = C710DFFC20F0BF3B005D1DAD /* Build configuration list for PBXNativeTarget "NetworkMonitor" */;
			buildPhases = (
				C710DFE220F0BF3A005D1DAD /* Sources */,
				C710DFE320F0BF3A005D1DAD /* Frameworks */,
				C710DFE420F0BF3A005D1DAD /* Resources */,
				C70ECA8120F30794009448A4 /* Embed Frameworks */,
			);
			buildRules = (
			);
			dependencies = (
				C70ECA7B20F30794009448A4 /* PBXTargetDependency */,
			);
			name = NetworkMonitor;
			productName = NetworkMonitor;
			productReference = C710DFE620F0BF3A005D1DAD /* NetworkMonitor.app */;
			productType = "com.apple.product-type.application";
		};
/* End PBXNativeTarget section */

/* Begin PBXProject section */
		C710DFDE20F0BF3A005D1DAD /* Project object */ = {
			isa = PBXProject;
			attributes = {
				LastUpgradeCheck = 0940;
				ORGANIZATIONNAME = wuxi;
				TargetAttributes = {
					C70ECA7420F30793009448A4 = {
						CreatedOnToolsVersion = 9.4.1;
					};
					C710DFE520F0BF3A005D1DAD = {
						CreatedOnToolsVersion = 9.4.1;
					};
				};
			};
			buildConfigurationList = C710DFE120F0BF3A005D1DAD /* Build configuration list for PBXProject "NetworkMonitor" */;
			compatibilityVersion = "Xcode 9.3";
			developmentRegion = en;
			hasScannedForEncodings = 0;
			knownRegions = (
				en,
				Base,
			);
			mainGroup = C710DFDD20F0BF3A005D1DAD;
			productRefGroup = C710DFE720F0BF3A005D1DAD /* Products */;
			projectDirPath = "";
			projectRoot = "";
			targets = (
				C710DFE520F0BF3A005D1DAD /* NetworkMonitor */,
				C70ECA7420F30793009448A4 /* NetworkCardMonitor */,
			);
		};
/* End PBXProject section */

/* Begin PBXResourcesBuildPhase section */
		C70ECA7320F30793009448A4 /* Resources */ = {
			isa = PBXResourcesBuildPhase;
			buildActionMask = 2147483647;
			files = (
			);
			runOnlyForDeploymentPostprocessing = 0;
		};
		C710DFE420F0BF3A005D1DAD /* Resources */ = {
			isa = PBXResourcesBuildPhase;
			buildActionMask = 2147483647;
			files = (
				C710DFF620F0BF3B005D1DAD /* LaunchScreen.storyboard in Resources */,
				C710DFF320F0BF3B005D1DAD /* Assets.xcassets in Resources */,
				C710DFF120F0BF3A005D1DAD /* Main.storyboard in Resources */,
			);
			runOnlyForDeploymentPostprocessing = 0;
		};
/* End PBXResourcesBuildPhase section */

/* Begin PBXSourcesBuildPhase section */
		C70ECA7020F30793009448A4 /* Sources */ = {
			isa = PBXSourcesBuildPhase;
			buildActionMask = 2147483647;
			files = (
				C70ECA8220F3080F009448A4 /* WXNetworkMonitor.m in Sources */,
			);
			runOnlyForDeploymentPostprocessing = 0;
		};
		C710DFE220F0BF3A005D1DAD /* Sources */ = {
			isa = PBXSourcesBuildPhase;
			buildActionMask = 2147483647;
			files = (
				C710DFEE20F0BF3A005D1DAD /* ViewController.m in Sources */,
				C710DFF920F0BF3B005D1DAD /* main.m in Sources */,
				C710E00220F0C025005D1DAD /* WXNetworkMonitor.m in Sources */,
				C71FBB272109746B000000F7 /* WXFPSMonitor.m in Sources */,
				C710DFEB20F0BF3A005D1DAD /* AppDelegate.m in Sources */,
			);
			runOnlyForDeploymentPostprocessing = 0;
		};
/* End PBXSourcesBuildPhase section */

/* Begin PBXTargetDependency section */
		C70ECA7B20F30794009448A4 /* PBXTargetDependency */ = {
			isa = PBXTargetDependency;
			target = C70ECA7420F30793009448A4 /* NetworkCardMonitor */;
			targetProxy = C70ECA7A20F30794009448A4 /* PBXContainerItemProxy */;
		};
/* End PBXTargetDependency section */

/* Begin PBXVariantGroup section */
		C710DFEF20F0BF3A005D1DAD /* Main.storyboard */ = {
			isa = PBXVariantGroup;
			children = (
				C710DFF020F0BF3A005D1DAD /* Base */,
			);
			name = Main.storyboard;
			sourceTree = "<group>";
		};
		C710DFF420F0BF3B005D1DAD /* LaunchScreen.storyboard */ = {
			isa = PBXVariantGroup;
			children = (
				C710DFF520F0BF3B005D1DAD /* Base */,
			);
			name = LaunchScreen.storyboard;
			sourceTree = "<group>";
		};
/* End PBXVariantGroup section */

/* Begin XCBuildConfiguration section */
		C70ECA7E20F30794009448A4 /* Debug */ = {
			isa = XCBuildConfiguration;
			buildSettings = {
				CODE_SIGN_IDENTITY = "";
				CODE_SIGN_STYLE = Automatic;
				CURRENT_PROJECT_VERSION = 1;
				DEFINES_MODULE = YES;
				DEVELOPMENT_TEAM = KYFVDC483X;
				DYLIB_COMPATIBILITY_VERSION = 1;
				DYLIB_CURRENT_VERSION = 1;
				DYLIB_INSTALL_NAME_BASE = "@rpath";
				INFOPLIST_FILE = NetworkCardMonitor/Info.plist;
				INSTALL_PATH = "$(LOCAL_LIBRARY_DIR)/Frameworks";
				LD_RUNPATH_SEARCH_PATHS = (
					"$(inherited)",
					"@executable_path/Frameworks",
					"@loader_path/Frameworks",
				);
				PRODUCT_BUNDLE_IDENTIFIER = com.sivanwu.networkMonitor.NetworkCardMonitor;
				PRODUCT_NAME = "$(TARGET_NAME:c99extidentifier)";
				SKIP_INSTALL = YES;
				TARGETED_DEVICE_FAMILY = "1,2";
				VERSIONING_SYSTEM = "apple-generic";
				VERSION_INFO_PREFIX = "";
			};
			name = Debug;
		};
		C70ECA7F20F30794009448A4 /* Release */ = {
			isa = XCBuildConfiguration;
			buildSettings = {
				CODE_SIGN_IDENTITY = "";
				CODE_SIGN_STYLE = Automatic;
				CURRENT_PROJECT_VERSION = 1;
				DEFINES_MODULE = YES;
				DEVELOPMENT_TEAM = KYFVDC483X;
				DYLIB_COMPATIBILITY_VERSION = 1;
				DYLIB_CURRENT_VERSION = 1;
				DYLIB_INSTALL_NAME_BASE = "@rpath";
				INFOPLIST_FILE = NetworkCardMonitor/Info.plist;
				INSTALL_PATH = "$(LOCAL_LIBRARY_DIR)/Frameworks";
				LD_RUNPATH_SEARCH_PATHS = (
					"$(inherited)",
					"@executable_path/Frameworks",
					"@loader_path/Frameworks",
				);
				PRODUCT_BUNDLE_IDENTIFIER = com.sivanwu.networkMonitor.NetworkCardMonitor;
				PRODUCT_NAME = "$(TARGET_NAME:c99extidentifier)";
				SKIP_INSTALL = YES;
				TARGETED_DEVICE_FAMILY = "1,2";
				VERSIONING_SYSTEM = "apple-generic";
				VERSION_INFO_PREFIX = "";
			};
			name = Release;
		};
		C710DFFA20F0BF3B005D1DAD /* Debug */ = {
			isa = XCBuildConfiguration;
			buildSettings = {
				ALWAYS_SEARCH_USER_PATHS = NO;
				CLANG_ANALYZER_NONNULL = YES;
				CLANG_ANALYZER_NUMBER_OBJECT_CONVERSION = YES_AGGRESSIVE;
				CLANG_CXX_LANGUAGE_STANDARD = "gnu++14";
				CLANG_CXX_LIBRARY = "libc++";
				CLANG_ENABLE_MODULES = YES;
				CLANG_ENABLE_OBJC_ARC = YES;
				CLANG_ENABLE_OBJC_WEAK = YES;
				CLANG_WARN_BLOCK_CAPTURE_AUTORELEASING = YES;
				CLANG_WARN_BOOL_CONVERSION = YES;
				CLANG_WARN_COMMA = YES;
				CLANG_WARN_CONSTANT_CONVERSION = YES;
				CLANG_WARN_DEPRECATED_OBJC_IMPLEMENTATIONS = YES;
				CLANG_WARN_DIRECT_OBJC_ISA_USAGE = YES_ERROR;
				CLANG_WARN_DOCUMENTATION_COMMENTS = YES;
				CLANG_WARN_EMPTY_BODY = YES;
				CLANG_WARN_ENUM_CONVERSION = YES;
				CLANG_WARN_INFINITE_RECURSION = YES;
				CLANG_WARN_INT_CONVERSION = YES;
				CLANG_WARN_NON_LITERAL_NULL_CONVERSION = YES;
				CLANG_WARN_OBJC_IMPLICIT_RETAIN_SELF = YES;
				CLANG_WARN_OBJC_LITERAL_CONVERSION = YES;
				CLANG_WARN_OBJC_ROOT_CLASS = YES_ERROR;
				CLANG_WARN_RANGE_LOOP_ANALYSIS = YES;
				CLANG_WARN_STRICT_PROTOTYPES = YES;
				CLANG_WARN_SUSPICIOUS_MOVE = YES;
				CLANG_WARN_UNGUARDED_AVAILABILITY = YES_AGGRESSIVE;
				CLANG_WARN_UNREACHABLE_CODE = YES;
				CLANG_WARN__DUPLICATE_METHOD_MATCH = YES;
				CODE_SIGN_IDENTITY = "iPhone Developer";
				COPY_PHASE_STRIP = NO;
				DEBUG_INFORMATION_FORMAT = dwarf;
				ENABLE_STRICT_OBJC_MSGSEND = YES;
				ENABLE_TESTABILITY = YES;
				GCC_C_LANGUAGE_STANDARD = gnu11;
				GCC_DYNAMIC_NO_PIC = NO;
				GCC_NO_COMMON_BLOCKS = YES;
				GCC_OPTIMIZATION_LEVEL = 0;
				GCC_PREPROCESSOR_DEFINITIONS = (
					"DEBUG=1",
					"$(inherited)",
				);
				GCC_WARN_64_TO_32_BIT_CONVERSION = YES;
				GCC_WARN_ABOUT_RETURN_TYPE = YES_ERROR;
				GCC_WARN_UNDECLARED_SELECTOR = YES;
				GCC_WARN_UNINITIALIZED_AUTOS = YES_AGGRESSIVE;
				GCC_WARN_UNUSED_FUNCTION = YES;
				GCC_WARN_UNUSED_VARIABLE = YES;
				IPHONEOS_DEPLOYMENT_TARGET = 11.4;
				MTL_ENABLE_DEBUG_INFO = YES;
				ONLY_ACTIVE_ARCH = YES;
				SDKROOT = iphoneos;
			};
			name = Debug;
		};
		C710DFFB20F0BF3B005D1DAD /* Release */ = {
			isa = XCBuildConfiguration;
			buildSettings = {
				ALWAYS_SEARCH_USER_PATHS = NO;
				CLANG_ANALYZER_NONNULL = YES;
				CLANG_ANALYZER_NUMBER_OBJECT_CONVERSION = YES_AGGRESSIVE;
				CLANG_CXX_LANGUAGE_STANDARD = "gnu++14";
				CLANG_CXX_LIBRARY = "libc++";
				CLANG_ENABLE_MODULES = YES;
				CLANG_ENABLE_OBJC_ARC = YES;
				CLANG_ENABLE_OBJC_WEAK = YES;
				CLANG_WARN_BLOCK_CAPTURE_AUTORELEASING = YES;
				CLANG_WARN_BOOL_CONVERSION = YES;
				CLANG_WARN_COMMA = YES;
				CLANG_WARN_CONSTANT_CONVERSION = YES;
				CLANG_WARN_DEPRECATED_OBJC_IMPLEMENTATIONS = YES;
				CLANG_WARN_DIRECT_OBJC_ISA_USAGE = YES_ERROR;
				CLANG_WARN_DOCUMENTATION_COMMENTS = YES;
				CLANG_WARN_EMPTY_BODY = YES;
				CLANG_WARN_ENUM_CONVERSION = YES;
				CLANG_WARN_INFINITE_RECURSION = YES;
				CLANG_WARN_INT_CONVERSION = YES;
				CLANG_WARN_NON_LITERAL_NULL_CONVERSION = YES;
				CLANG_WARN_OBJC_IMPLICIT_RETAIN_SELF = YES;
				CLANG_WARN_OBJC_LITERAL_CONVERSION = YES;
				CLANG_WARN_OBJC_ROOT_CLASS = YES_ERROR;
				CLANG_WARN_RANGE_LOOP_ANALYSIS = YES;
				CLANG_WARN_STRICT_PROTOTYPES = YES;
				CLANG_WARN_SUSPICIOUS_MOVE = YES;
				CLANG_WARN_UNGUARDED_AVAILABILITY = YES_AGGRESSIVE;
				CLANG_WARN_UNREACHABLE_CODE = YES;
				CLANG_WARN__DUPLICATE_METHOD_MATCH = YES;
				CODE_SIGN_IDENTITY = "iPhone Developer";
				COPY_PHASE_STRIP = NO;
				DEBUG_INFORMATION_FORMAT = "dwarf-with-dsym";
				ENABLE_NS_ASSERTIONS = NO;
				ENABLE_STRICT_OBJC_MSGSEND = YES;
				GCC_C_LANGUAGE_STANDARD = gnu11;
				GCC_NO_COMMON_BLOCKS = YES;
				GCC_WARN_64_TO_32_BIT_CONVERSION = YES;
				GCC_WARN_ABOUT_RETURN_TYPE = YES_ERROR;
				GCC_WARN_UNDECLARED_SELECTOR = YES;
				GCC_WARN_UNINITIALIZED_AUTOS = YES_AGGRESSIVE;
				GCC_WARN_UNUSED_FUNCTION = YES;
				GCC_WARN_UNUSED_VARIABLE = YES;
				IPHONEOS_DEPLOYMENT_TARGET = 11.4;
				MTL_ENABLE_DEBUG_INFO = NO;
				SDKROOT = iphoneos;
				VALIDATE_PRODUCT = YES;
			};
			name = Release;
		};
		C710DFFD20F0BF3B005D1DAD /* Debug */ = {
			isa = XCBuildConfiguration;
			buildSettings = {
				ASSETCATALOG_COMPILER_APPICON_NAME = AppIcon;
				CODE_SIGN_STYLE = Automatic;
				DEVELOPMENT_TEAM = KYFVDC483X;
				INFOPLIST_FILE = NetworkMonitor/Info.plist;
				LD_RUNPATH_SEARCH_PATHS = (
					"$(inherited)",
					"@executable_path/Frameworks",
				);
				PRODUCT_BUNDLE_IDENTIFIER = com.sivanwu.networkMonitor.NetworkMonitor;
				PRODUCT_NAME = "$(TARGET_NAME)";
				TARGETED_DEVICE_FAMILY = "1,2";
			};
			name = Debug;
		};
		C710DFFE20F0BF3B005D1DAD /* Release */ = {
			isa = XCBuildConfiguration;
			buildSettings = {
				ASSETCATALOG_COMPILER_APPICON_NAME = AppIcon;
				CODE_SIGN_STYLE = Automatic;
				DEVELOPMENT_TEAM = KYFVDC483X;
				INFOPLIST_FILE = NetworkMonitor/Info.plist;
				LD_RUNPATH_SEARCH_PATHS = (
					"$(inherited)",
					"@executable_path/Frameworks",
				);
				PRODUCT_BUNDLE_IDENTIFIER = com.sivanwu.networkMonitor.NetworkMonitor;
				PRODUCT_NAME = "$(TARGET_NAME)";
				TARGETED_DEVICE_FAMILY = "1,2";
			};
			name = Release;
		};
/* End XCBuildConfiguration section */

/* Begin XCConfigurationList section */
		C70ECA8020F30794009448A4 /* Build configuration list for PBXNativeTarget "NetworkCardMonitor" */ = {
			isa = XCConfigurationList;
			buildConfigurations = (
				C70ECA7E20F30794009448A4 /* Debug */,
				C70ECA7F20F30794009448A4 /* Release */,
			);
			defaultConfigurationIsVisible = 0;
			defaultConfigurationName = Release;
		};
		C710DFE120F0BF3A005D1DAD /* Build configuration list for PBXProject "NetworkMonitor" */ = {
			isa = XCConfigurationList;
			buildConfigurations = (
				C710DFFA20F0BF3B005D1DAD /* Debug */,
				C710DFFB20F0BF3B005D1DAD /* Release */,
			);
			defaultConfigurationIsVisible = 0;
			defaultConfigurationName = Release;
		};
		C710DFFC20F0BF3B005D1DAD /* Build configuration list for PBXNativeTarget "NetworkMonitor" */ = {
			isa = XCConfigurationList;
			buildConfigurations = (
				C710DFFD20F0BF3B005D1DAD /* Debug */,
				C710DFFE20F0BF3B005D1DAD /* Release */,
			);
			defaultConfigurationIsVisible = 0;
			defaultConfigurationName = Release;
		};
/* End XCConfigurationList section */
	};
	rootObject = C710DFDE20F0BF3A005D1DAD /* Project object */;
}
